
Microsoft Visual Studio Solution File, Format Version 12.00
# Visual Studio Version 16
VisualStudioVersion = 16.0.29709.97
MinimumVisualStudioVersion = 10.0.40219.1
Project("{FAE04EC0-301F-11D3-BF4B-00C04F79EFBC}") = "BankInterest", "BankInterest.csproj", "{FA40BF7E-BAD9-4840-AB44-1F39E2537DCA}"
EndProject
Global
	GlobalSection(SolutionConfigurationPlatforms) = preSolution
		Debug|Any CPU = Debug|Any CPU
		Release|Any CPU = Release|Any CPU
	EndGlobalSection
	GlobalSection(ProjectConfigurationPlatforms) = postSolution
		{FA40BF7E-BAD9-4840-AB44-1F39E2537DCA}.Debug|Any CPU.ActiveCfg = Debug|Any CPU
		{FA40BF7E-BAD9-4840-AB44-1F39E2537DCA}.Debug|Any CPU.Build.0 = Debug|Any CPU
		{FA40BF7E-BAD9-4840-AB44-1F39E2537DCA}.Release|Any CPU.ActiveCfg = Release|Any CPU
		{FA40BF7E-BAD9-4840-AB44-1F39E2537DCA}.Release|Any CPU.Build.0 = Release|Any CPU
	EndGlobalSection
	GlobalSection(SolutionProperties) = preSolution
		HideSolutionNode = FALSE
	EndGlobalSection
	GlobalSection(ExtensibilityGlobals) = postSolution
		SolutionGuid = {5EEB43F3-19B5-45BC-B321-7351BC505B3C}
	EndGlobalSection
EndGlobal
